// !$*UTF8*$!
{
	archiveVersion = 1;
	classes = {
	};
	objectVersion = 50;
	objects = {

/* Begin PBXBuildFile section */
		E4A973762141AA4000B206DB /* LayoutGuideView.h in Headers */ = {isa = PBXBuildFile; fileRef = E4A973742141AA4000B206DB /* LayoutGuideView.h */; settings = {ATTRIBUTES = (Public, ); }; };
		E4A973832141AA5D00B206DB /* AppDelegate.swift in Sources */ = {isa = PBXBuildFile; fileRef = E4A973822141AA5D00B206DB /* AppDelegate.swift */; };
		E4A973852141AA5D00B206DB /* ViewController.swift in Sources */ = {isa = PBXBuildFile; fileRef = E4A973842141AA5D00B206DB /* ViewController.swift */; };
		E4A973882141AA5D00B206DB /* Main.storyboard in Resources */ = {isa = PBXBuildFile; fileRef = E4A973862141AA5D00B206DB /* Main.storyboard */; };
		E4A9738A2141AA6100B206DB /* Assets.xcassets in Resources */ = {isa = PBXBuildFile; fileRef = E4A973892141AA6100B206DB /* Assets.xcassets */; };
		E4A9738D2141AA6100B206DB /* LaunchScreen.storyboard in Resources */ = {isa = PBXBuildFile; fileRef = E4A9738B2141AA6100B206DB /* LaunchScreen.storyboard */; };
		E4A973932141AA9E00B206DB /* LayoutGuideView.swift in Sources */ = {isa = PBXBuildFile; fileRef = E4A973922141AA9E00B206DB /* LayoutGuideView.swift */; };
		E4A973952141AC8200B206DB /* LayoutGuideView.framework in Frameworks */ = {isa = PBXBuildFile; fileRef = E4A973712141AA4000B206DB /* LayoutGuideView.framework */; };
/* End PBXBuildFile section */

/* Begin PBXFileReference section */
		E43399622143DFCB00A572D1 /* README.md */ = {isa = PBXFileReference; fileEncoding = 4; lastKnownFileType = net.daringfireball.markdown; path = README.md; sourceTree = SOURCE_ROOT; };
		E4A973712141AA4000B206DB /* LayoutGuideView.framework */ = {isa = PBXFileReference; explicitFileType = wrapper.framework; includeInIndex = 0; path = LayoutGuideView.framework; sourceTree = BUILT_PRODUCTS_DIR; };
		E4A973742141AA4000B206DB /* LayoutGuideView.h */ = {isa = PBXFileReference; lastKnownFileType = sourcecode.c.h; path = LayoutGuideView.h; sourceTree = "<group>"; };
		E4A973752141AA4000B206DB /* Info.plist */ = {isa = PBXFileReference; lastKnownFileType = text.plist.xml; path = Info.plist; sourceTree = "<group>"; };
		E4A973802141AA5D00B206DB /* LayoutGuideViewExample.app */ = {isa = PBXFileReference; explicitFileType = wrapper.application; includeInIndex = 0; path = LayoutGuideViewExample.app; sourceTree = BUILT_PRODUCTS_DIR; };
		E4A973822141AA5D00B206DB /* AppDelegate.swift */ = {isa = PBXFileReference; lastKnownFileType = sourcecode.swift; path = AppDelegate.swift; sourceTree = "<group>"; };
		E4A973842141AA5D00B206DB /* ViewController.swift */ = {isa = PBXFileReference; lastKnownFileType = sourcecode.swift; path = ViewController.swift; sourceTree = "<group>"; };
		E4A973872141AA5D00B206DB /* Base */ = {isa = PBXFileReference; lastKnownFileType = file.storyboard; name = Base; path = Base.lproj/Main.storyboard; sourceTree = "<group>"; };
		E4A973892141AA6100B206DB /* Assets.xcassets */ = {isa = PBXFileReference; lastKnownFileType = folder.assetcatalog; path = Assets.xcassets; sourceTree = "<group>"; };
		E4A9738C2141AA6100B206DB /* Base */ = {isa = PBXFileReference; lastKnownFileType = file.storyboard; name = Base; path = Base.lproj/LaunchScreen.storyboard; sourceTree = "<group>"; };
		E4A9738E2141AA6100B206DB /* Info.plist */ = {isa = PBXFileReference; lastKnownFileType = text.plist.xml; path = Info.plist; sourceTree = "<group>"; };
		E4A973922141AA9E00B206DB /* LayoutGuideView.swift */ = {isa = PBXFileReference; lastKnownFileType = sourcecode.swift; path = LayoutGuideView.swift; sourceTree = "<group>"; };
/* End PBXFileReference section */

/* Begin PBXFrameworksBuildPhase section */
		E4A9736D2141AA4000B206DB /* Frameworks */ = {
			isa = PBXFrameworksBuildPhase;
			buildActionMask = 2147483647;
			files = (
			);
			runOnlyForDeploymentPostprocessing = 0;
		};
		E4A9737D2141AA5D00B206DB /* Frameworks */ = {
			isa = PBXFrameworksBuildPhase;
			buildActionMask = 2147483647;
			files = (
				E4A973952141AC8200B206DB /* LayoutGuideView.framework in Frameworks */,
			);
			runOnlyForDeploymentPostprocessing = 0;
		};
/* End PBXFrameworksBuildPhase section */

/* Begin PBXGroup section */
		E4A973672141AA4000B206DB = {
			isa = PBXGroup;
			children = (
				E4A973732141AA4000B206DB /* LayoutGuideView */,
				E4A973812141AA5D00B206DB /* LayoutGuideViewExample */,
				E4A973722141AA4000B206DB /* Products */,
				E4A973942141AC8200B206DB /* Frameworks */,
			);
			sourceTree = "<group>";
		};
		E4A973722141AA4000B206DB /* Products */ = {
			isa = PBXGroup;
			children = (
				E4A973712141AA4000B206DB /* LayoutGuideView.framework */,
				E4A973802141AA5D00B206DB /* LayoutGuideViewExample.app */,
			);
			name = Products;
			sourceTree = "<group>";
		};
		E4A973732141AA4000B206DB /* LayoutGuideView */ = {
			isa = PBXGroup;
			children = (
				E43399622143DFCB00A572D1 /* README.md */,
				E4A973742141AA4000B206DB /* LayoutGuideView.h */,
				E4A973922141AA9E00B206DB /* LayoutGuideView.swift */,
				E4A973752141AA4000B206DB /* Info.plist */,
			);
			path = LayoutGuideView;
			sourceTree = "<group>";
		};
		E4A973812141AA5D00B206DB /* LayoutGuideViewExample */ = {
			isa = PBXGroup;
			children = (
				E4A973822141AA5D00B206DB /* AppDelegate.swift */,
				E4A973842141AA5D00B206DB /* ViewController.swift */,
				E4A973862141AA5D00B206DB /* Main.storyboard */,
				E4A973892141AA6100B206DB /* Assets.xcassets */,
				E4A9738B2141AA6100B206DB /* LaunchScreen.storyboard */,
				E4A9738E2141AA6100B206DB /* Info.plist */,
			);
			path = LayoutGuideViewExample;
			sourceTree = "<group>";
		};
		E4A973942141AC8200B206DB /* Frameworks */ = {
			isa = PBXGroup;
			children = (
			);
			name = Frameworks;
			sourceTree = "<group>";
		};
/* End PBXGroup section */

/* Begin PBXHeadersBuildPhase section */
		E4A9736E2141AA4000B206DB /* Headers */ = {
			isa = PBXHeadersBuildPhase;
			buildActionMask = 2147483647;
			files = (
				E4A973762141AA4000B206DB /* LayoutGuideView.h in Headers */,
			);
			runOnlyForDeploymentPostprocessing = 0;
		};
/* End PBXHeadersBuildPhase section */

/* Begin PBXNativeTarget section */
		E4A973702141AA4000B206DB /* LayoutGuideView */ = {
			isa = PBXNativeTarget;
			buildConfigurationList = E4A973792141AA4000B206DB /* Build configuration list for PBXNativeTarget "LayoutGuideView" */;
			buildPhases = (
				E4A9736C2141AA4000B206DB /* Sources */,
				E4A9736D2141AA4000B206DB /* Frameworks */,
				E4A9736E2141AA4000B206DB /* Headers */,
				E4A9736F2141AA4000B206DB /* Resources */,
			);
			buildRules = (
			);
			dependencies = (
			);
			name = LayoutGuideView;
			productName = LayoutGuideView;
			productReference = E4A973712141AA4000B206DB /* LayoutGuideView.framework */;
			productType = "com.apple.product-type.framework";
		};
		E4A9737F2141AA5D00B206DB /* LayoutGuideViewExample */ = {
			isa = PBXNativeTarget;
			buildConfigurationList = E4A9738F2141AA6100B206DB /* Build configuration list for PBXNativeTarget "LayoutGuideViewExample" */;
			buildPhases = (
				E4A9737C2141AA5D00B206DB /* Sources */,
				E4A9737D2141AA5D00B206DB /* Frameworks */,
				E4A9737E2141AA5D00B206DB /* Resources */,
			);
			buildRules = (
			);
			dependencies = (
			);
			name = LayoutGuideViewExample;
			productName = LayoutGuideViewExample;
			productReference = E4A973802141AA5D00B206DB /* LayoutGuideViewExample.app */;
			productType = "com.apple.product-type.application";
		};
/* End PBXNativeTarget section */

/* Begin PBXProject section */
		E4A973682141AA4000B206DB /* Project object */ = {
			isa = PBXProject;
			attributes = {
				LastSwiftUpdateCheck = 0940;
				LastUpgradeCheck = 0940;
				ORGANIZATIONNAME = "Gabriele Trabucco";
				TargetAttributes = {
					E4A973702141AA4000B206DB = {
						CreatedOnToolsVersion = 9.4.1;
						LastSwiftMigration = 0940;
					};
					E4A9737F2141AA5D00B206DB = {
						CreatedOnToolsVersion = 9.4.1;
					};
				};
			};
			buildConfigurationList = E4A9736B2141AA4000B206DB /* Build configuration list for PBXProject "LayoutGuideView" */;
			compatibilityVersion = "Xcode 9.3";
			developmentRegion = en;
			hasScannedForEncodings = 0;
			knownRegions = (
				en,
				Base,
			);
			mainGroup = E4A973672141AA4000B206DB;
			productRefGroup = E4A973722141AA4000B206DB /* Products */;
			projectDirPath = "";
			projectRoot = "";
			targets = (
				E4A9737F2141AA5D00B206DB /* LayoutGuideViewExample */,
				E4A973702141AA4000B206DB /* LayoutGuideView */,
			);
		};
/* End PBXProject section */

/* Begin PBXResourcesBuildPhase section */
		E4A9736F2141AA4000B206DB /* Resources */ = {
			isa = PBXResourcesBuildPhase;
			buildActionMask = 2147483647;
			files = (
			);
			runOnlyForDeploymentPostprocessing = 0;
		};
		E4A9737E2141AA5D00B206DB /* Resources */ = {
			isa = PBXResourcesBuildPhase;
			buildActionMask = 2147483647;
			files = (
				E4A9738D2141AA6100B206DB /* LaunchScreen.storyboard in Resources */,
				E4A9738A2141AA6100B206DB /* Assets.xcassets in Resources */,
				E4A973882141AA5D00B206DB /* Main.storyboard in Resources */,
			);
			runOnlyForDeploymentPostprocessing = 0;
		};
/* End PBXResourcesBuildPhase section */

/* Begin PBXSourcesBuildPhase section */
		E4A9736C2141AA4000B206DB /* Sources */ = {
			isa = PBXSourcesBuildPhase;
			buildActionMask = 2147483647;
			files = (
				E4A973932141AA9E00B206DB /* LayoutGuideView.swift in Sources */,
			);
			runOnlyForDeploymentPostprocessing = 0;
		};
		E4A9737C2141AA5D00B206DB /* Sources */ = {
			isa = PBXSourcesBuildPhase;
			buildActionMask = 2147483647;
			files = (
				E4A973852141AA5D00B206DB /* ViewController.swift in Sources */,
				E4A973832141AA5D00B206DB /* AppDelegate.swift in Sources */,
			);
			runOnlyForDeploymentPostprocessing = 0;
		};
/* End PBXSourcesBuildPhase section */

/* Begin PBXVariantGroup section */
		E4A973862141AA5D00B206DB /* Main.storyboard */ = {
			isa = PBXVariantGroup;
			children = (
				E4A973872141AA5D00B206DB /* Base */,
			);
			name = Main.storyboard;
			sourceTree = "<group>";
		};
		E4A9738B2141AA6100B206DB /* LaunchScreen.storyboard */ = {
			isa = PBXVariantGroup;
			children = (
				E4A9738C2141AA6100B206DB /* Base */,
			);
			name = LaunchScreen.storyboard;
			sourceTree = "<group>";
		};
/* End PBXVariantGroup section */

/* Begin XCBuildConfiguration section */
		E4A973772141AA4000B206DB /* Debug */ = {
			isa = XCBuildConfiguration;
			buildSettings = {
				ALWAYS_SEARCH_USER_PATHS = NO;
				CLANG_ANALYZER_NONNULL = YES;
				CLANG_ANALYZER_NUMBER_OBJECT_CONVERSION = YES_AGGRESSIVE;
				CLANG_CXX_LANGUAGE_STANDARD = "gnu++14";
				CLANG_CXX_LIBRARY = "libc++";
				CLANG_ENABLE_MODULES = YES;
				CLANG_ENABLE_OBJC_ARC = YES;
				CLANG_ENABLE_OBJC_WEAK = YES;
				CLANG_WARN_BLOCK_CAPTURE_AUTORELEASING = YES;
				CLANG_WARN_BOOL_CONVERSION = YES;
				CLANG_WARN_COMMA = YES;
				CLANG_WARN_CONSTANT_CONVERSION = YES;
				CLANG_WARN_DEPRECATED_OBJC_IMPLEMENTATIONS = YES;
				CLANG_WARN_DIRECT_OBJC_ISA_USAGE = YES_ERROR;
				CLANG_WARN_DOCUMENTATION_COMMENTS = YES;
				CLANG_WARN_EMPTY_BODY = YES;
				CLANG_WARN_ENUM_CONVERSION = YES;
				CLANG_WARN_INFINITE_RECURSION = YES;
				CLANG_WARN_INT_CONVERSION = YES;
				CLANG_WARN_NON_LITERAL_NULL_CONVERSION = YES;
				CLANG_WARN_OBJC_IMPLICIT_RETAIN_SELF = YES;
				CLANG_WARN_OBJC_LITERAL_CONVERSION = YES;
				CLANG_WARN_OBJC_ROOT_CLASS = YES_ERROR;
				CLANG_WARN_RANGE_LOOP_ANALYSIS = YES;
				CLANG_WARN_STRICT_PROTOTYPES = YES;
				CLANG_WARN_SUSPICIOUS_MOVE = YES;
				CLANG_WARN_UNGUARDED_AVAILABILITY = YES_AGGRESSIVE;
				CLANG_WARN_UNREACHABLE_CODE = YES;
				CLANG_WARN__DUPLICATE_METHOD_MATCH = YES;
				CODE_SIGN_IDENTITY = "iPhone Developer";
				COPY_PHASE_STRIP = NO;
				CURRENT_PROJECT_VERSION = 1;
				DEBUG_INFORMATION_FORMAT = dwarf;
				ENABLE_STRICT_OBJC_MSGSEND = YES;
				ENABLE_TESTABILITY = YES;
				GCC_C_LANGUAGE_STANDARD = gnu11;
				GCC_DYNAMIC_NO_PIC = NO;
				GCC_NO_COMMON_BLOCKS = YES;
				GCC_OPTIMIZATION_LEVEL = 0;
				GCC_PREPROCESSOR_DEFINITIONS = (
					"DEBUG=1",
					"$(inherited)",
				);
				GCC_WARN_64_TO_32_BIT_CONVERSION = YES;
				GCC_WARN_ABOUT_RETURN_TYPE = YES_ERROR;
				GCC_WARN_UNDECLARED_SELECTOR = YES;
				GCC_WARN_UNINITIALIZED_AUTOS = YES_AGGRESSIVE;
				GCC_WARN_UNUSED_FUNCTION = YES;
				GCC_WARN_UNUSED_VARIABLE = YES;
				IPHONEOS_DEPLOYMENT_TARGET = 9.0;
				MTL_ENABLE_DEBUG_INFO = YES;
				ONLY_ACTIVE_ARCH = YES;
				SDKROOT = iphoneos;
				SWIFT_ACTIVE_COMPILATION_CONDITIONS = DEBUG;
				SWIFT_OPTIMIZATION_LEVEL = "-Onone";
				VERSIONING_SYSTEM = "apple-generic";
				VERSION_INFO_PREFIX = "";
			};
			name = Debug;
		};
		E4A973782141AA4000B206DB /* Release */ = {
			isa = XCBuildConfiguration;
			buildSettings = {
				ALWAYS_SEARCH_USER_PATHS = NO;
				CLANG_ANALYZER_NONNULL = YES;
				CLANG_ANALYZER_NUMBER_OBJECT_CONVERSION = YES_AGGRESSIVE;
				CLANG_CXX_LANGUAGE_STANDARD = "gnu++14";
				CLANG_CXX_LIBRARY = "libc++";
				CLANG_ENABLE_MODULES = YES;
				CLANG_ENABLE_OBJC_ARC = YES;
				CLANG_ENABLE_OBJC_WEAK = YES;
				CLANG_WARN_BLOCK_CAPTURE_AUTORELEASING = YES;
				CLANG_WARN_BOOL_CONVERSION = YES;
				CLANG_WARN_COMMA = YES;
				CLANG_WARN_CONSTANT_CONVERSION = YES;
				CLANG_WARN_DEPRECATED_OBJC_IMPLEMENTATIONS = YES;
				CLANG_WARN_DIRECT_OBJC_ISA_USAGE = YES_ERROR;
				CLANG_WARN_DOCUMENTATION_COMMENTS = YES;
				CLANG_WARN_EMPTY_BODY = YES;
				CLANG_WARN_ENUM_CONVERSION = YES;
				CLANG_WARN_INFINITE_RECURSION = YES;
				CLANG_WARN_INT_CONVERSION = YES;
				CLANG_WARN_NON_LITERAL_NULL_CONVERSION = YES;
				CLANG_WARN_OBJC_IMPLICIT_RETAIN_SELF = YES;
				CLANG_WARN_OBJC_LITERAL_CONVERSION = YES;
				CLANG_WARN_OBJC_ROOT_CLASS = YES_ERROR;
				CLANG_WARN_RANGE_LOOP_ANALYSIS = YES;
				CLANG_WARN_STRICT_PROTOTYPES = YES;
				CLANG_WARN_SUSPICIOUS_MOVE = YES;
				CLANG_WARN_UNGUARDED_AVAILABILITY = YES_AGGRESSIVE;
				CLANG_WARN_UNREACHABLE_CODE = YES;
				CLANG_WARN__DUPLICATE_METHOD_MATCH = YES;
				CODE_SIGN_IDENTITY = "iPhone Developer";
				COPY_PHASE_STRIP = NO;
				CURRENT_PROJECT_VERSION = 1;
				DEBUG_INFORMATION_FORMAT = "dwarf-with-dsym";
				ENABLE_NS_ASSERTIONS = NO;
				ENABLE_STRICT_OBJC_MSGSEND = YES;
				GCC_C_LANGUAGE_STANDARD = gnu11;
				GCC_NO_COMMON_BLOCKS = YES;
				GCC_WARN_64_TO_32_BIT_CONVERSION = YES;
				GCC_WARN_ABOUT_RETURN_TYPE = YES_ERROR;
				GCC_WARN_UNDECLARED_SELECTOR = YES;
				GCC_WARN_UNINITIALIZED_AUTOS = YES_AGGRESSIVE;
				GCC_WARN_UNUSED_FUNCTION = YES;
				GCC_WARN_UNUSED_VARIABLE = YES;
				IPHONEOS_DEPLOYMENT_TARGET = 9.0;
				MTL_ENABLE_DEBUG_INFO = NO;
				SDKROOT = iphoneos;
				SWIFT_COMPILATION_MODE = wholemodule;
				SWIFT_OPTIMIZATION_LEVEL = "-O";
				VALIDATE_PRODUCT = YES;
				VERSIONING_SYSTEM = "apple-generic";
				VERSION_INFO_PREFIX = "";
			};
			name = Release;
		};
		E4A9737A2141AA4000B206DB /* Debug */ = {
			isa = XCBuildConfiguration;
			buildSettings = {
				CLANG_ENABLE_MODULES = YES;
				CODE_SIGN_IDENTITY = "";
				CODE_SIGN_STYLE = Automatic;
				DEFINES_MODULE = YES;
				DYLIB_COMPATIBILITY_VERSION = 1;
				DYLIB_CURRENT_VERSION = 1;
				DYLIB_INSTALL_NAME_BASE = "@rpath";
				INFOPLIST_FILE = LayoutGuideView/Info.plist;
				INSTALL_PATH = "$(LOCAL_LIBRARY_DIR)/Frameworks";
				LD_RUNPATH_SEARCH_PATHS = (
					"$(inherited)",
					"@executable_path/Frameworks",
					"@loader_path/Frameworks",
				);
				PRODUCT_BUNDLE_IDENTIFIER = it.gtrabucco.LayoutGuideView;
				PRODUCT_NAME = "$(TARGET_NAME:c99extidentifier)";
				SKIP_INSTALL = YES;
				SWIFT_OPTIMIZATION_LEVEL = "-Onone";
				SWIFT_VERSION = 4.0;
				TARGETED_DEVICE_FAMILY = "1,2";
			};
			name = Debug;
		};
		E4A9737B2141AA4000B206DB /* Release */ = {
			isa = XCBuildConfiguration;
			buildSettings = {
				CLANG_ENABLE_MODULES = YES;
				CODE_SIGN_IDENTITY = "";
				CODE_SIGN_STYLE = Automatic;
				DEFINES_MODULE = YES;
				DYLIB_COMPATIBILITY_VERSION = 1;
				DYLIB_CURRENT_VERSION = 1;
				DYLIB_INSTALL_NAME_BASE = "@rpath";
				INFOPLIST_FILE = LayoutGuideView/Info.plist;
				INSTALL_PATH = "$(LOCAL_LIBRARY_DIR)/Frameworks";
				LD_RUNPATH_SEARCH_PATHS = (
					"$(inherited)",
					"@executable_path/Frameworks",
					"@loader_path/Frameworks",
				);
				PRODUCT_BUNDLE_IDENTIFIER = it.gtrabucco.LayoutGuideView;
				PRODUCT_NAME = "$(TARGET_NAME:c99extidentifier)";
				SKIP_INSTALL = YES;
				SWIFT_VERSION = 4.0;
				TARGETED_DEVICE_FAMILY = "1,2";
			};
			name = Release;
		};
		E4A973902141AA6100B206DB /* Debug */ = {
			isa = XCBuildConfiguration;
			buildSettings = {
				ASSETCATALOG_COMPILER_APPICON_NAME = AppIcon;
				CODE_SIGN_STYLE = Automatic;
				INFOPLIST_FILE = LayoutGuideViewExample/Info.plist;
				LD_RUNPATH_SEARCH_PATHS = (
					"$(inherited)",
					"@executable_path/Frameworks",
				);
				PRODUCT_BUNDLE_IDENTIFIER = it.gtrabucco.LayoutGuideViewExample;
				PRODUCT_NAME = "$(TARGET_NAME)";
				SWIFT_VERSION = 4.0;
				TARGETED_DEVICE_FAMILY = "1,2";
			};
			name = Debug;
		};
		E4A973912141AA6100B206DB /* Release */ = {
			isa = XCBuildConfiguration;
			buildSettings = {
				ASSETCATALOG_COMPILER_APPICON_NAME = AppIcon;
				CODE_SIGN_STYLE = Automatic;
				INFOPLIST_FILE = LayoutGuideViewExample/Info.plist;
				LD_RUNPATH_SEARCH_PATHS = (
					"$(inherited)",
					"@executable_path/Frameworks",
				);
				PRODUCT_BUNDLE_IDENTIFIER = it.gtrabucco.LayoutGuideViewExample;
				PRODUCT_NAME = "$(TARGET_NAME)";
				SWIFT_VERSION = 4.0;
				TARGETED_DEVICE_FAMILY = "1,2";
			};
			name = Release;
		};
/* End XCBuildConfiguration section */

/* Begin XCConfigurationList section */
		E4A9736B2141AA4000B206DB /* Build configuration list for PBXProject "LayoutGuideView" */ = {
			isa = XCConfigurationList;
			buildConfigurations = (
				E4A973772141AA4000B206DB /* Debug */,
				E4A973782141AA4000B206DB /* Release */,
			);
			defaultConfigurationIsVisible = 0;
			defaultConfigurationName = Release;
		};
		E4A973792141AA4000B206DB /* Build configuration list for PBXNativeTarget "LayoutGuideView" */ = {
			isa = XCConfigurationList;
			buildConfigurations = (
				E4A9737A2141AA4000B206DB /* Debug */,
				E4A9737B2141AA4000B206DB /* Release */,
			);
			defaultConfigurationIsVisible = 0;
			defaultConfigurationName = Release;
		};
		E4A9738F2141AA6100B206DB /* Build configuration list for PBXNativeTarget "LayoutGuideViewExample" */ = {
			isa = XCConfigurationList;
			buildConfigurations = (
				E4A973902141AA6100B206DB /* Debug */,
				E4A973912141AA6100B206DB /* Release */,
			);
			defaultConfigurationIsVisible = 0;
			defaultConfigurationName = Release;
		};
/* End XCConfigurationList section */
	};
	rootObject = E4A973682141AA4000B206DB /* Project object */;
}
